{
  "requires": true,
  "lockfileVersion": 1,
  "dependencies": {
    "@easylogic/colorpicker": {
      "version": "1.10.5",
      "resolved": "https://registry.npmjs.org/@easylogic/colorpicker/-/colorpicker-1.10.5.tgz",
      "integrity": "sha512-pv2b18+E7t7/FT1wwX42ho40DYwyc8gkbFsHzzXn5VxWmqGbWbaqgE6MopxzaG6SN8P+tzMN01+Nvh3mGHAF3w=="
    },
    "@types/lodash": {
      "version": "4.14.172",
      "resolved": "https://registry.npmjs.org/@types/lodash/-/lodash-4.14.172.tgz",
      "integrity": "sha512-/BHF5HAx3em7/KkzVKm3LrsD6HZAXuXO1AJZQ3cRRBZj4oHZDviWPYu0aEplAqDFNHZPW6d3G7KN+ONcCCC7pw=="
    },
    "@types/lodash.isundefined": {
      "version": "3.0.6",
      "resolved": "https://registry.npmjs.org/@types/lodash.isundefined/-/lodash.isundefined-3.0.6.tgz",
      "integrity": "sha512-gXRrZ9MahWtxusjjUAbWaxUA4vU/NxXfI9kkfsjXYnBA0YjXVtl71toGBZ0X4+L023XS8NlO3BokLXFFuLtG/Q==",
      "requires": {
        "@types/lodash": "*"
      }
    },
    "@types/lodash.merge": {
      "version": "4.6.6",
      "resolved": "https://registry.npmjs.org/@types/lodash.merge/-/lodash.merge-4.6.6.tgz",
      "integrity": "sha512-IB90krzMf7YpfgP3u/EvZEdXVvm4e3gJbUvh5ieuI+o+XqiNEt6fCzqNRaiLlPVScLI59RxIGZMQ3+Ko/DJ8vQ==",
      "requires": {
        "@types/lodash": "*"
      }
    },
    "@types/lodash.orderby": {
      "version": "4.6.6",
      "resolved": "https://registry.npmjs.org/@types/lodash.orderby/-/lodash.orderby-4.6.6.tgz",
      "integrity": "sha512-wQzu6xK+bSwhu45OeMI7fjywiIZiiaBzJB8W3fwnF1SJXHoOXRLutrSnVmq4yHPOM036qsy8lx9wHQcAbXNjJw==",
      "requires": {
        "@types/lodash": "*"
      }
    },
    "@types/lodash.pick": {
      "version": "4.4.6",
      "resolved": "https://registry.npmjs.org/@types/lodash.pick/-/lodash.pick-4.4.6.tgz",
      "integrity": "sha512-u8bzA16qQ+8dY280z3aK7PoWb3fzX5ATJ0rJB6F+uqchOX2VYF02Aqa+8aYiHiHgPzQiITqCgeimlyKFy4OA6g==",
      "requires": {
        "@types/lodash": "*"
      }
    },
    "@types/lodash.uniq": {
      "version": "4.5.6",
      "resolved": "https://registry.npmjs.org/@types/lodash.uniq/-/lodash.uniq-4.5.6.tgz",
      "integrity": "sha512-XHNMXBtiwsWZstZMyxOYjr0e8YYWv0RgPlzIHblTuwBBiWo2MzWVaTBihtBpslb5BglgAWIeBv69qt1+RTRW1A==",
      "requires": {
        "@types/lodash": "*"
      }
    },
    "a-color-picker": {
      "version": "1.2.1",
      "resolved": "https://registry.npmjs.org/a-color-picker/-/a-color-picker-1.2.1.tgz",
      "integrity": "sha512-aMCUKd2zTDWK2YWnjz0k3YhFc9XL0jZlPIywF6XkP6i3wdq2iHTEnl1BFPZkOVDV89M12t+zeZ8m23cfzn57/Q==",
      "requires": {
        "is-plain-object": "^2.0.4"
      }
    },
    "air-range-slider": {
      "version": "1.0.12",
      "resolved": "https://registry.npmjs.org/air-range-slider/-/air-range-slider-1.0.12.tgz",
      "integrity": "sha512-SHLEmWuYuWdx6MdPV95N1UMKRtTTV567n5Jt85BYX0Gxj3t4gz/PC3LILfECIyPAw5+IXGqz3/QuRvC99Vbsxg==",
      "requires": {
        "@types/lodash.isundefined": "^3.0.6",
        "@types/lodash.merge": "^4.6.6",
        "@types/lodash.orderby": "^4.6.6",
        "@types/lodash.pick": "^4.4.6",
        "@types/lodash.uniq": "^4.5.6",
        "bind-decorator": "^1.0.11",
        "classnames": "^2.2.6",
        "lodash.isundefined": "^3.0.1",
        "lodash.merge": "^4.6.2",
        "lodash.orderby": "^4.6.0",
        "lodash.pick": "^4.4.0",
        "lodash.uniq": "^4.5.0"
      }
    },
    "bind-decorator": {
      "version": "1.0.11",
      "resolved": "https://registry.npmjs.org/bind-decorator/-/bind-decorator-1.0.11.tgz",
      "integrity": "sha1-5BvAah9l3ZzsR2yRxdrzl4SIJS8="
    },
    "classnames": {
      "version": "2.3.1",
      "resolved": "https://registry.npmjs.org/classnames/-/classnames-2.3.1.tgz",
      "integrity": "sha512-OlQdbZ7gLfGarSqxesMesDa5uz7KFbID8Kpq/SxIoNGDqY8lSYs0D+hhtBXhcdB3rcbXArFr7vlHheLk1voeNA=="
    },
    "is-plain-object": {
      "version": "2.0.4",
      "resolved": "https://registry.npmjs.org/is-plain-object/-/is-plain-object-2.0.4.tgz",
      "integrity": "sha512-h5PpgXkWitc38BBMYawTYMWJHFZJVnBquFE57xFpjB8pJFiF6gZ+bU+WyI/yqXiFR5mdLsgYNaPe8uao6Uv9Og==",
      "requires": {
        "isobject": "^3.0.1"
      }
    },
    "isobject": {
      "version": "3.0.1",
      "resolved": "https://registry.npmjs.org/isobject/-/isobject-3.0.1.tgz",
      "integrity": "sha1-TkMekrEalzFjaqH5yNHMvP2reN8="
    },
    "lodash.isundefined": {
      "version": "3.0.1",
      "resolved": "https://registry.npmjs.org/lodash.isundefined/-/lodash.isundefined-3.0.1.tgz",
      "integrity": "sha1-I+89lTVWUgOmbO/VuDD4SJEa+0g="
    },
    "lodash.merge": {
      "version": "4.6.2",
      "resolved": "https://registry.npmjs.org/lodash.merge/-/lodash.merge-4.6.2.tgz",
      "integrity": "sha512-0KpjqXRVvrYyCsX1swR/XTK0va6VQkQM6MNo7PqW77ByjAhoARA8EfrP1N4+KlKj8YS0ZUCtRT/YUuhyYDujIQ=="
    },
    "lodash.orderby": {
      "version": "4.6.0",
      "resolved": "https://registry.npmjs.org/lodash.orderby/-/lodash.orderby-4.6.0.tgz",
      "integrity": "sha1-5pfwTOXXhSL1TZM4syuBozk+TrM="
    },
    "lodash.pick": {
      "version": "4.4.0",
      "resolved": "https://registry.npmjs.org/lodash.pick/-/lodash.pick-4.4.0.tgz",
      "integrity": "sha1-UvBWEP/53tQiYRRB7R/BI6AwAbM="
    },
    "lodash.uniq": {
      "version": "4.5.0",
      "resolved": "https://registry.npmjs.org/lodash.uniq/-/lodash.uniq-4.5.0.tgz",
      "integrity": "sha1-0CJTc662Uq3BvILklFM5qEJ1R3M="
    },
    "rangeslider.js": {
      "version": "2.3.3",
      "resolved": "https://registry.npmjs.org/rangeslider.js/-/rangeslider.js-2.3.3.tgz",
      "integrity": "sha512-FNpe62R6DfGRPAB5rpDKkZtaMDZ0CFqoLprXtNbYiincgld0bHm/Gs/7iuiSD/naM5C3sz+icY3jghKDcGR17g=="
    }
  }
}
